
Microsoft Visual Studio Solution File, Format Version 12.00
# Visual Studio Version 17
VisualStudioVersion = 17.4.33103.184
MinimumVisualStudioVersion = 10.0.40219.1
Project("{FAE04EC0-301F-11D3-BF4B-00C04F79EFBC}") = "Ханойские башни", "Ханойские башни.csproj", "{F1E61DC0-11EE-4B22-B773-F75E01AD0DDD}"
EndProject
Global
	GlobalSection(SolutionConfigurationPlatforms) = preSolution
		Debug|Any CPU = Debug|Any CPU
		Release|Any CPU = Release|Any CPU
	EndGlobalSection
	GlobalSection(ProjectConfigurationPlatforms) = postSolution
		{F1E61DC0-11EE-4B22-B773-F75E01AD0DDD}.Debug|Any CPU.ActiveCfg = Debug|Any CPU
		{F1E61DC0-11EE-4B22-B773-F75E01AD0DDD}.Debug|Any CPU.Build.0 = Debug|Any CPU
		{F1E61DC0-11EE-4B22-B773-F75E01AD0DDD}.Release|Any CPU.ActiveCfg = Release|Any CPU
		{F1E61DC0-11EE-4B22-B773-F75E01AD0DDD}.Release|Any CPU.Build.0 = Release|Any CPU
	EndGlobalSection
	GlobalSection(SolutionProperties) = preSolution
		HideSolutionNode = FALSE
	EndGlobalSection
	GlobalSection(ExtensibilityGlobals) = postSolution
		SolutionGuid = {5FB111AD-0226-436E-8A11-03BA0AD8BC6C}
	EndGlobalSection
EndGlobal
